
Microsoft Visual Studio Solution File, Format Version 12.00
# Visual Studio Version 17
VisualStudioVersion = 17.4.33122.133
MinimumVisualStudioVersion = 10.0.40219.1
Project("{FAE04EC0-301F-11D3-BF4B-00C04F79EFBC}") = "ezToDo", "ezToDo.csproj", "{B0ABFC85-7F03-406A-B3AF-D9A168D63E41}"
EndProject
Global
	GlobalSection(SolutionConfigurationPlatforms) = preSolution
		Debug|Any CPU = Debug|Any CPU
		Release|Any CPU = Release|Any CPU
	EndGlobalSection
	GlobalSection(ProjectConfigurationPlatforms) = postSolution
		{B0ABFC85-7F03-406A-B3AF-D9A168D63E41}.Debug|Any CPU.ActiveCfg = Debug|Any CPU
		{B0ABFC85-7F03-406A-B3AF-D9A168D63E41}.Debug|Any CPU.Build.0 = Debug|Any CPU
		{B0ABFC85-7F03-406A-B3AF-D9A168D63E41}.Release|Any CPU.ActiveCfg = Release|Any CPU
		{B0ABFC85-7F03-406A-B3AF-D9A168D63E41}.Release|Any CPU.Build.0 = Release|Any CPU
	EndGlobalSection
	GlobalSection(SolutionProperties) = preSolution
		HideSolutionNode = FALSE
	EndGlobalSection
	GlobalSection(ExtensibilityGlobals) = postSolution
		SolutionGuid = {68FDDE4B-C7B6-49E3-A73F-31367377BD88}
	EndGlobalSection
EndGlobal
